
Microsoft Visual Studio Solution File, Format Version 12.00
# Visual Studio Version 17
VisualStudioVersion = 17.5.002.0
MinimumVisualStudioVersion = 10.0.40219.1
Project("{9A19103F-16F7-4668-BE54-9A1E7A4F7556}") = "backend", "backend\backend.csproj", "{426BAC3D-2789-469E-9672-CF82A9AFF0EE}"
EndProject
Global
	GlobalSection(SolutionConfigurationPlatforms) = preSolution
		Debug|Any CPU = Debug|Any CPU
		Release|Any CPU = Release|Any CPU
	EndGlobalSection
	GlobalSection(ProjectConfigurationPlatforms) = postSolution
		{426BAC3D-2789-469E-9672-CF82A9AFF0EE}.Debug|Any CPU.ActiveCfg = Debug|Any CPU
		{426BAC3D-2789-469E-9672-CF82A9AFF0EE}.Debug|Any CPU.Build.0 = Debug|Any CPU
		{426BAC3D-2789-469E-9672-CF82A9AFF0EE}.Release|Any CPU.ActiveCfg = Release|Any CPU
		{426BAC3D-2789-469E-9672-CF82A9AFF0EE}.Release|Any CPU.Build.0 = Release|Any CPU
	EndGlobalSection
	GlobalSection(SolutionProperties) = preSolution
		HideSolutionNode = FALSE
	EndGlobalSection
	GlobalSection(ExtensibilityGlobals) = postSolution
		SolutionGuid = {E1ED6F4D-C2AE-41E7-B787-EE6291763C01}
	EndGlobalSection
EndGlobal
